
Microsoft Visual Studio Solution File, Format Version 12.00
# Visual Studio Version 17
VisualStudioVersion = 17.10.35027.167
MinimumVisualStudioVersion = 10.0.40219.1
Project("{FAE04EC0-301F-11D3-BF4B-00C04F79EFBC}") = "AgendaConsole", "AgendaConsole\AgendaConsole.csproj", "{2020A6CC-1C26-4CAC-8A85-B0057A43AC8E}"
EndProject
Global
	GlobalSection(SolutionConfigurationPlatforms) = preSolution
		Debug|Any CPU = Debug|Any CPU
		Release|Any CPU = Release|Any CPU
	EndGlobalSection
	GlobalSection(ProjectConfigurationPlatforms) = postSolution
		{2020A6CC-1C26-4CAC-8A85-B0057A43AC8E}.Debug|Any CPU.ActiveCfg = Debug|Any CPU
		{2020A6CC-1C26-4CAC-8A85-B0057A43AC8E}.Debug|Any CPU.Build.0 = Debug|Any CPU
		{2020A6CC-1C26-4CAC-8A85-B0057A43AC8E}.Release|Any CPU.ActiveCfg = Release|Any CPU
		{2020A6CC-1C26-4CAC-8A85-B0057A43AC8E}.Release|Any CPU.Build.0 = Release|Any CPU
	EndGlobalSection
	GlobalSection(SolutionProperties) = preSolution
		HideSolutionNode = FALSE
	EndGlobalSection
	GlobalSection(ExtensibilityGlobals) = postSolution
		SolutionGuid = {07C8887E-9F80-40D3-8829-515E4635EFCB}
	EndGlobalSection
EndGlobal
